
Microsoft Visual Studio Solution File, Format Version 12.00
# Visual Studio Version 16
VisualStudioVersion = 16.0.29905.134
MinimumVisualStudioVersion = 10.0.40219.1
Project("{FAE04EC0-301F-11D3-BF4B-00C04F79EFBC}") = "OverideedBrowser", "OverideedBrowser\OverideedBrowser.csproj", "{AEFD8CD4-76DB-4F07-986B-8FE490AEB301}"
EndProject
Global
	GlobalSection(SolutionConfigurationPlatforms) = preSolution
		Debug|Any CPU = Debug|Any CPU
		Release|Any CPU = Release|Any CPU
	EndGlobalSection
	GlobalSection(ProjectConfigurationPlatforms) = postSolution
		{AEFD8CD4-76DB-4F07-986B-8FE490AEB301}.Debug|Any CPU.ActiveCfg = Debug|Any CPU
		{AEFD8CD4-76DB-4F07-986B-8FE490AEB301}.Debug|Any CPU.Build.0 = Debug|Any CPU
		{AEFD8CD4-76DB-4F07-986B-8FE490AEB301}.Release|Any CPU.ActiveCfg = Release|Any CPU
		{AEFD8CD4-76DB-4F07-986B-8FE490AEB301}.Release|Any CPU.Build.0 = Release|Any CPU
	EndGlobalSection
	GlobalSection(SolutionProperties) = preSolution
		HideSolutionNode = FALSE
	EndGlobalSection
	GlobalSection(ExtensibilityGlobals) = postSolution
		SolutionGuid = {78C3B1EC-359F-4F81-B023-9E745985B9F6}
	EndGlobalSection
EndGlobal
